<?xml version="1.0" encoding="utf-8"?>
<Project ToolsVersion="4.0" xmlns="http://schemas.microsoft.com/developer/msbuild/2003">
  <ItemGroup>
    <Filter Include="Source Files">
      <UniqueIdentifier>{4FC737F1-C7A5-4376-A066-2A32D752A2FF}</UniqueIdentifier>
      <Extensions>cpp;c;cc;cxx;c++;cppm;ixx;def;odl;idl;hpj;bat;asm;asmx</Extensions>
    </Filter>
    <Filter Include="Header Files">
      <UniqueIdentifier>{93995380-89BD-4b04-88EB-625FBE52EBFB}</UniqueIdentifier>
      <Extensions>h;hh;hpp;hxx;h++;hm;inl;inc;ipp;xsd</Extensions>
    </Filter>
    <Filter Include="Resource Files">
      <UniqueIdentifier>{67DA6AB6-F800-4c08-8B7A-83BB121AAD01}</UniqueIdentifier>
      <Extensions>rc;ico;cur;bmp;dlg;rc2;rct;bin;rgs;gif;jpg;jpeg;jpe;resx;tiff;tif;png;wav;mfcribbon-ms</Extensions>
    </Filter>
    <Filter Include="Header Files\Mechanics">
      <UniqueIdentifier>{46d90e87-2b23-4a04-9556-22ad2e3645c0}</UniqueIdentifier>
    </Filter>
    <Filter Include="Source Files\Mechanics">
      <UniqueIdentifier>{14aace0e-d3bb-418d-bc32-1a942ff481fb}</UniqueIdentifier>
    </Filter>
    <Filter Include="Source Files\Bionic">
      <UniqueIdentifier>{db1a84e8-1d9c-4295-98d8-d2197e9bf6cf}</UniqueIdentifier>
    </Filter>
    <Filter Include="Header Files\Bionic">
      <UniqueIdentifier>{cc369a60-a4a7-4354-b258-3d17e8d8b990}</UniqueIdentifier>
    </Filter>
    <Filter Include="Source Files\Computer">
      <UniqueIdentifier>{4432bc6e-baf1-497d-9327-5415b5497c2c}</UniqueIdentifier>
    </Filter>
    <Filter Include="Header Files\etc">
      <UniqueIdentifier>{e8cdfc53-8d9b-496a-81f6-f78dbf258e26}</UniqueIdentifier>
    </Filter>
    <Filter Include="Header Files\etc\Computer">
      <UniqueIdentifier>{78f98b7b-cb63-46d0-b6a7-5546d95c67ce}</UniqueIdentifier>
    </Filter>
    <Filter Include="Source Files\etc">
      <UniqueIdentifier>{4040ddf2-e38b-40a0-a9a4-50445b905c65}</UniqueIdentifier>
    </Filter>
  </ItemGroup>
  <ItemGroup>
    <ClCompile Include="Goliath.cpp">
      <Filter>Source Files\Mechanics</Filter>
    </ClCompile>
    <ClCompile Include="Mechanic.cpp">
      <Filter>Source Files\Mechanics</Filter>
    </ClCompile>
    <ClCompile Include="SiegeTank.cpp">
      <Filter>Source Files\Mechanics</Filter>
    </ClCompile>
    <ClCompile Include="Vulture.cpp">
      <Filter>Source Files\Mechanics</Filter>
    </ClCompile>
    <ClCompile Include="Marine.cpp">
      <Filter>Source Files\Bionic</Filter>
    </ClCompile>
    <ClCompile Include="Ghost.cpp">
      <Filter>Source Files\Bionic</Filter>
    </ClCompile>
    <ClCompile Include="Firebet.cpp">
      <Filter>Source Files\Bionic</Filter>
    </ClCompile>
    <ClCompile Include="Mouse.cpp">
      <Filter>Source Files\Computer</Filter>
    </ClCompile>
    <ClCompile Include="Keyboard.cpp">
      <Filter>Source Files\Computer</Filter>
    </ClCompile>
    <ClCompile Include="Computer.cpp">
      <Filter>Source Files\Computer</Filter>
    </ClCompile>
    <ClCompile Include="Component.cpp">
      <Filter>Source Files\Computer</Filter>
    </ClCompile>
    <ClCompile Include="Kjw2.cpp">
      <Filter>Source Files</Filter>
    </ClCompile>
    <ClCompile Include="Bank.cpp">
      <Filter>Source Files\etc</Filter>
    </ClCompile>
    <ClCompile Include="Camera.cpp">
      <Filter>Source Files\etc</Filter>
    </ClCompile>
    <ClCompile Include="LinkedList.cpp">
      <Filter>Source Files\etc</Filter>
    </ClCompile>
    <ClCompile Include="Player.cpp">
      <Filter>Source Files\etc</Filter>
    </ClCompile>
    <ClCompile Include="Inventory.cpp">
      <Filter>Source Files</Filter>
    </ClCompile>
    <ClCompile Include="Item.cpp">
      <Filter>Source Files</Filter>
    </ClCompile>
    <ClCompile Include="InputKey.cpp">
      <Filter>Source Files</Filter>
    </ClCompile>
  </ItemGroup>
  <ItemGroup>
    <ClInclude Include="Goliath.h">
      <Filter>Header Files\Mechanics</Filter>
    </ClInclude>
    <ClInclude Include="Mechanic.h">
      <Filter>Header Files\Mechanics</Filter>
    </ClInclude>
    <ClInclude Include="SiegeTank.h">
      <Filter>Header Files\Mechanics</Filter>
    </ClInclude>
    <ClInclude Include="Vulture.h">
      <Filter>Header Files\Mechanics</Filter>
    </ClInclude>
    <ClInclude Include="Firebet.h">
      <Filter>Header Files\Bionic</Filter>
    </ClInclude>
    <ClInclude Include="Ghost.h">
      <Filter>Header Files\Bionic</Filter>
    </ClInclude>
    <ClInclude Include="Marine.h">
      <Filter>Header Files\Bionic</Filter>
    </ClInclude>
    <ClInclude Include="Unit.h">
      <Filter>Header Files\Bionic</Filter>
    </ClInclude>
    <ClInclude Include="Component.h">
      <Filter>Header Files\etc\Computer</Filter>
    </ClInclude>
    <ClInclude Include="Computer.h">
      <Filter>Header Files\etc\Computer</Filter>
    </ClInclude>
    <ClInclude Include="Keyboard.h">
      <Filter>Header Files\etc\Computer</Filter>
    </ClInclude>
    <ClInclude Include="Mouse.h">
      <Filter>Source Files\Computer</Filter>
    </ClInclude>
    <ClInclude Include="Bank.h">
      <Filter>Header Files\etc</Filter>
    </ClInclude>
    <ClInclude Include="Camera.h">
      <Filter>Header Files\etc</Filter>
    </ClInclude>
    <ClInclude Include="LinkedList.h">
      <Filter>Header Files\etc</Filter>
    </ClInclude>
    <ClInclude Include="Player.h">
      <Filter>Header Files\etc</Filter>
    </ClInclude>
    <ClInclude Include="Inventory.h">
      <Filter>Header Files</Filter>
    </ClInclude>
    <ClInclude Include="Item.h">
      <Filter>Header Files</Filter>
    </ClInclude>
    <ClInclude Include="InputKey.h">
      <Filter>Header Files</Filter>
    </ClInclude>
  </ItemGroup>
</Project>